// !$*UTF8*$!
{
	archiveVersion = 1;
	classes = {
	};
	objectVersion = 51;
	objects = {

/* Begin PBXBuildFile section */
		42440DD423D219F0007686F8 /* LoadingCell.swift in Sources */ = {isa = PBXBuildFile; fileRef = 42440DD223D219F0007686F8 /* LoadingCell.swift */; };
		42440DD523D219F0007686F8 /* LoadingCell.xib in Resources */ = {isa = PBXBuildFile; fileRef = 42440DD323D219F0007686F8 /* LoadingCell.xib */; };
		425FB23523D26D7D00D66BD3 /* DetailedInfoViewController.swift in Sources */ = {isa = PBXBuildFile; fileRef = 425FB23423D26D7D00D66BD3 /* DetailedInfoViewController.swift */; };
		4299102F23D1BFC3005368F9 /* AppDelegate.swift in Sources */ = {isa = PBXBuildFile; fileRef = 4299102E23D1BFC3005368F9 /* AppDelegate.swift */; };
		4299103123D1BFC3005368F9 /* SceneDelegate.swift in Sources */ = {isa = PBXBuildFile; fileRef = 4299103023D1BFC3005368F9 /* SceneDelegate.swift */; };
		4299103323D1BFC3005368F9 /* CountryListVC.swift in Sources */ = {isa = PBXBuildFile; fileRef = 4299103223D1BFC3005368F9 /* CountryListVC.swift */; };
		4299103623D1BFC3005368F9 /* Main.storyboard in Resources */ = {isa = PBXBuildFile; fileRef = 4299103423D1BFC3005368F9 /* Main.storyboard */; };
		4299103923D1BFC3005368F9 /* FlatStackTask.xcdatamodeld in Sources */ = {isa = PBXBuildFile; fileRef = 4299103723D1BFC3005368F9 /* FlatStackTask.xcdatamodeld */; };
		4299103B23D1BFC5005368F9 /* Assets.xcassets in Resources */ = {isa = PBXBuildFile; fileRef = 4299103A23D1BFC5005368F9 /* Assets.xcassets */; };
		4299103E23D1BFC5005368F9 /* LaunchScreen.storyboard in Resources */ = {isa = PBXBuildFile; fileRef = 4299103C23D1BFC5005368F9 /* LaunchScreen.storyboard */; };
		429EFC1B23D2215B006C0D6E /* AlertService.swift in Sources */ = {isa = PBXBuildFile; fileRef = 429EFC1A23D2215B006C0D6E /* AlertService.swift */; };
		42B2113E23D486AA0041A163 /* ImageSliderCell.swift in Sources */ = {isa = PBXBuildFile; fileRef = 42B2113C23D486AA0041A163 /* ImageSliderCell.swift */; };
		42B2113F23D486AA0041A163 /* ImageSliderCell.xib in Resources */ = {isa = PBXBuildFile; fileRef = 42B2113D23D486AA0041A163 /* ImageSliderCell.xib */; };
		42B2114523D50A6C0041A163 /* NavBarExtension.swift in Sources */ = {isa = PBXBuildFile; fileRef = 42B2114423D50A6C0041A163 /* NavBarExtension.swift */; };
		42B2114823D516E80041A163 /* AboutInfoCell.xib in Resources */ = {isa = PBXBuildFile; fileRef = 42B2114623D516E80041A163 /* AboutInfoCell.xib */; };
		42B2114923D516E80041A163 /* AboutInfoCell.swift in Sources */ = {isa = PBXBuildFile; fileRef = 42B2114723D516E80041A163 /* AboutInfoCell.swift */; };
		42B2114E23D5B5DF0041A163 /* ShortInfoCell.swift in Sources */ = {isa = PBXBuildFile; fileRef = 42B2114C23D5B5DF0041A163 /* ShortInfoCell.swift */; };
		42B2114F23D5B5DF0041A163 /* ShortInfoCell.xib in Resources */ = {isa = PBXBuildFile; fileRef = 42B2114D23D5B5DF0041A163 /* ShortInfoCell.xib */; };
		42B2115123D5BE190041A163 /* Helper.swift in Sources */ = {isa = PBXBuildFile; fileRef = 42B2115023D5BE190041A163 /* Helper.swift */; };
		42C00F0423D1EC0300B0ECCF /* CountryCell.swift in Sources */ = {isa = PBXBuildFile; fileRef = 42C00F0223D1EC0300B0ECCF /* CountryCell.swift */; };
		42C00F0523D1EC0300B0ECCF /* CountryCell.xib in Resources */ = {isa = PBXBuildFile; fileRef = 42C00F0323D1EC0300B0ECCF /* CountryCell.xib */; };
		42C00F0723D1EFFF00B0ECCF /* Country.swift in Sources */ = {isa = PBXBuildFile; fileRef = 42C00F0623D1EFFF00B0ECCF /* Country.swift */; };
		42C00F0923D1F1B400B0ECCF /* NetworkResponse.swift in Sources */ = {isa = PBXBuildFile; fileRef = 42C00F0823D1F1B400B0ECCF /* NetworkResponse.swift */; };
		42C00F0C23D1F21D00B0ECCF /* LocalDataManager.swift in Sources */ = {isa = PBXBuildFile; fileRef = 42C00F0B23D1F21D00B0ECCF /* LocalDataManager.swift */; };
		42C00F0E23D1F22800B0ECCF /* RemoteDataManager.swift in Sources */ = {isa = PBXBuildFile; fileRef = 42C00F0D23D1F22800B0ECCF /* RemoteDataManager.swift */; };
		4D1C2DF63C9610FCA381433A /* Pods_FlatStackTask.framework in Frameworks */ = {isa = PBXBuildFile; fileRef = DC4E0DA4902CFB35C55FC2D2 /* Pods_FlatStackTask.framework */; };
/* End PBXBuildFile section */

/* Begin PBXFileReference section */
		16CEF189C002BB9F1E51F61E /* Pods-FlatStackTask.release.xcconfig */ = {isa = PBXFileReference; includeInIndex = 1; lastKnownFileType = text.xcconfig; name = "Pods-FlatStackTask.release.xcconfig"; path = "Target Support Files/Pods-FlatStackTask/Pods-FlatStackTask.release.xcconfig"; sourceTree = "<group>"; };
		42440DD223D219F0007686F8 /* LoadingCell.swift */ = {isa = PBXFileReference; lastKnownFileType = sourcecode.swift; path = LoadingCell.swift; sourceTree = "<group>"; };
		42440DD323D219F0007686F8 /* LoadingCell.xib */ = {isa = PBXFileReference; lastKnownFileType = file.xib; path = LoadingCell.xib; sourceTree = "<group>"; };
		425FB23423D26D7D00D66BD3 /* DetailedInfoViewController.swift */ = {isa = PBXFileReference; lastKnownFileType = sourcecode.swift; path = DetailedInfoViewController.swift; sourceTree = "<group>"; };
		4299102B23D1BFC3005368F9 /* FlatStackTask.app */ = {isa = PBXFileReference; explicitFileType = wrapper.application; includeInIndex = 0; path = FlatStackTask.app; sourceTree = BUILT_PRODUCTS_DIR; };
		4299102E23D1BFC3005368F9 /* AppDelegate.swift */ = {isa = PBXFileReference; lastKnownFileType = sourcecode.swift; path = AppDelegate.swift; sourceTree = "<group>"; };
		4299103023D1BFC3005368F9 /* SceneDelegate.swift */ = {isa = PBXFileReference; lastKnownFileType = sourcecode.swift; path = SceneDelegate.swift; sourceTree = "<group>"; };
		4299103223D1BFC3005368F9 /* CountryListVC.swift */ = {isa = PBXFileReference; lastKnownFileType = sourcecode.swift; path = CountryListVC.swift; sourceTree = "<group>"; };
		4299103523D1BFC3005368F9 /* Base */ = {isa = PBXFileReference; lastKnownFileType = file.storyboard; name = Base; path = Base.lproj/Main.storyboard; sourceTree = "<group>"; };
		4299103823D1BFC3005368F9 /* FlatStackTask.xcdatamodel */ = {isa = PBXFileReference; lastKnownFileType = wrapper.xcdatamodel; path = FlatStackTask.xcdatamodel; sourceTree = "<group>"; };
		4299103A23D1BFC5005368F9 /* Assets.xcassets */ = {isa = PBXFileReference; lastKnownFileType = folder.assetcatalog; path = Assets.xcassets; sourceTree = "<group>"; };
		4299103D23D1BFC5005368F9 /* Base */ = {isa = PBXFileReference; lastKnownFileType = file.storyboard; name = Base; path = Base.lproj/LaunchScreen.storyboard; sourceTree = "<group>"; };
		4299103F23D1BFC5005368F9 /* Info.plist */ = {isa = PBXFileReference; lastKnownFileType = text.plist.xml; path = Info.plist; sourceTree = "<group>"; };
		429EFC1A23D2215B006C0D6E /* AlertService.swift */ = {isa = PBXFileReference; lastKnownFileType = sourcecode.swift; path = AlertService.swift; sourceTree = "<group>"; };
		42B2113C23D486AA0041A163 /* ImageSliderCell.swift */ = {isa = PBXFileReference; lastKnownFileType = sourcecode.swift; path = ImageSliderCell.swift; sourceTree = "<group>"; };
		42B2113D23D486AA0041A163 /* ImageSliderCell.xib */ = {isa = PBXFileReference; lastKnownFileType = file.xib; path = ImageSliderCell.xib; sourceTree = "<group>"; };
		42B2114423D50A6C0041A163 /* NavBarExtension.swift */ = {isa = PBXFileReference; lastKnownFileType = sourcecode.swift; path = NavBarExtension.swift; sourceTree = "<group>"; };
		42B2114623D516E80041A163 /* AboutInfoCell.xib */ = {isa = PBXFileReference; fileEncoding = 4; lastKnownFileType = file.xib; path = AboutInfoCell.xib; sourceTree = "<group>"; };
		42B2114723D516E80041A163 /* AboutInfoCell.swift */ = {isa = PBXFileReference; fileEncoding = 4; lastKnownFileType = sourcecode.swift; path = AboutInfoCell.swift; sourceTree = "<group>"; };
		42B2114C23D5B5DF0041A163 /* ShortInfoCell.swift */ = {isa = PBXFileReference; lastKnownFileType = sourcecode.swift; path = ShortInfoCell.swift; sourceTree = "<group>"; };
		42B2114D23D5B5DF0041A163 /* ShortInfoCell.xib */ = {isa = PBXFileReference; lastKnownFileType = file.xib; path = ShortInfoCell.xib; sourceTree = "<group>"; };
		42B2115023D5BE190041A163 /* Helper.swift */ = {isa = PBXFileReference; lastKnownFileType = sourcecode.swift; path = Helper.swift; sourceTree = "<group>"; };
		42C00F0223D1EC0300B0ECCF /* CountryCell.swift */ = {isa = PBXFileReference; lastKnownFileType = sourcecode.swift; path = CountryCell.swift; sourceTree = "<group>"; };
		42C00F0323D1EC0300B0ECCF /* CountryCell.xib */ = {isa = PBXFileReference; lastKnownFileType = file.xib; path = CountryCell.xib; sourceTree = "<group>"; };
		42C00F0623D1EFFF00B0ECCF /* Country.swift */ = {isa = PBXFileReference; lastKnownFileType = sourcecode.swift; path = Country.swift; sourceTree = "<group>"; };
		42C00F0823D1F1B400B0ECCF /* NetworkResponse.swift */ = {isa = PBXFileReference; lastKnownFileType = sourcecode.swift; path = NetworkResponse.swift; sourceTree = "<group>"; };
		42C00F0B23D1F21D00B0ECCF /* LocalDataManager.swift */ = {isa = PBXFileReference; lastKnownFileType = sourcecode.swift; path = LocalDataManager.swift; sourceTree = "<group>"; };
		42C00F0D23D1F22800B0ECCF /* RemoteDataManager.swift */ = {isa = PBXFileReference; lastKnownFileType = sourcecode.swift; path = RemoteDataManager.swift; sourceTree = "<group>"; };
		6490BE84616F7045C25E09A4 /* Pods-FlatStackTask.debug.xcconfig */ = {isa = PBXFileReference; includeInIndex = 1; lastKnownFileType = text.xcconfig; name = "Pods-FlatStackTask.debug.xcconfig"; path = "Target Support Files/Pods-FlatStackTask/Pods-FlatStackTask.debug.xcconfig"; sourceTree = "<group>"; };
		DC4E0DA4902CFB35C55FC2D2 /* Pods_FlatStackTask.framework */ = {isa = PBXFileReference; explicitFileType = wrapper.framework; includeInIndex = 0; path = Pods_FlatStackTask.framework; sourceTree = BUILT_PRODUCTS_DIR; };
/* End PBXFileReference section */

/* Begin PBXFrameworksBuildPhase section */
		4299102823D1BFC3005368F9 /* Frameworks */ = {
			isa = PBXFrameworksBuildPhase;
			buildActionMask = 2147483647;
			files = (
				4D1C2DF63C9610FCA381433A /* Pods_FlatStackTask.framework in Frameworks */,
			);
			runOnlyForDeploymentPostprocessing = 0;
		};
/* End PBXFrameworksBuildPhase section */

/* Begin PBXGroup section */
		4299102223D1BFC3005368F9 = {
			isa = PBXGroup;
			children = (
				4299102D23D1BFC3005368F9 /* FlatStackTask */,
				4299102C23D1BFC3005368F9 /* Products */,
				E60DB6FE6FE2C2CF6A71392A /* Pods */,
				568D1AFC7336FB110266224B /* Frameworks */,
			);
			sourceTree = "<group>";
		};
		4299102C23D1BFC3005368F9 /* Products */ = {
			isa = PBXGroup;
			children = (
				4299102B23D1BFC3005368F9 /* FlatStackTask.app */,
			);
			name = Products;
			sourceTree = "<group>";
		};
		4299102D23D1BFC3005368F9 /* FlatStackTask */ = {
			isa = PBXGroup;
			children = (
				4299103423D1BFC3005368F9 /* Main.storyboard */,
				429EFC1923D2214B006C0D6E /* Helpers */,
				42C00F0A23D1F20F00B0ECCF /* DataManagers */,
				42C00F0123D1EBE300B0ECCF /* Models */,
				42C00F0023D1EBD900B0ECCF /* Views */,
				42C00EFF23D1EBC900B0ECCF /* Controllers */,
				4299103A23D1BFC5005368F9 /* Assets.xcassets */,
				4299103C23D1BFC5005368F9 /* LaunchScreen.storyboard */,
				4299103F23D1BFC5005368F9 /* Info.plist */,
				4299102E23D1BFC3005368F9 /* AppDelegate.swift */,
				4299103023D1BFC3005368F9 /* SceneDelegate.swift */,
				4299103723D1BFC3005368F9 /* FlatStackTask.xcdatamodeld */,
			);
			path = FlatStackTask;
			sourceTree = "<group>";
		};
		429EFC1923D2214B006C0D6E /* Helpers */ = {
			isa = PBXGroup;
			children = (
				42B2114323D50A540041A163 /* Extensions */,
				429EFC1A23D2215B006C0D6E /* AlertService.swift */,
				42B2115023D5BE190041A163 /* Helper.swift */,
			);
			path = Helpers;
			sourceTree = "<group>";
		};
		42B2114323D50A540041A163 /* Extensions */ = {
			isa = PBXGroup;
			children = (
				42B2114423D50A6C0041A163 /* NavBarExtension.swift */,
			);
			path = Extensions;
			sourceTree = "<group>";
		};
		42B2114A23D5B54C0041A163 /* CountryListScreen */ = {
			isa = PBXGroup;
			children = (
				42C00F0223D1EC0300B0ECCF /* CountryCell.swift */,
				42C00F0323D1EC0300B0ECCF /* CountryCell.xib */,
				42440DD223D219F0007686F8 /* LoadingCell.swift */,
				42440DD323D219F0007686F8 /* LoadingCell.xib */,
			);
			path = CountryListScreen;
			sourceTree = "<group>";
		};
		42B2114B23D5B55A0041A163 /* DetailedInfoScreen */ = {
			isa = PBXGroup;
			children = (
				42B2113C23D486AA0041A163 /* ImageSliderCell.swift */,
				42B2113D23D486AA0041A163 /* ImageSliderCell.xib */,
				42B2114723D516E80041A163 /* AboutInfoCell.swift */,
				42B2114623D516E80041A163 /* AboutInfoCell.xib */,
				42B2114C23D5B5DF0041A163 /* ShortInfoCell.swift */,
				42B2114D23D5B5DF0041A163 /* ShortInfoCell.xib */,
			);
			path = DetailedInfoScreen;
			sourceTree = "<group>";
		};
		42C00EFF23D1EBC900B0ECCF /* Controllers */ = {
			isa = PBXGroup;
			children = (
				4299103223D1BFC3005368F9 /* CountryListVC.swift */,
				425FB23423D26D7D00D66BD3 /* DetailedInfoViewController.swift */,
			);
			path = Controllers;
			sourceTree = "<group>";
		};
		42C00F0023D1EBD900B0ECCF /* Views */ = {
			isa = PBXGroup;
			children = (
				42B2114A23D5B54C0041A163 /* CountryListScreen */,
				42B2114B23D5B55A0041A163 /* DetailedInfoScreen */,
			);
			path = Views;
			sourceTree = "<group>";
		};
		42C00F0123D1EBE300B0ECCF /* Models */ = {
			isa = PBXGroup;
			children = (
				42C00F0623D1EFFF00B0ECCF /* Country.swift */,
				42C00F0823D1F1B400B0ECCF /* NetworkResponse.swift */,
			);
			path = Models;
			sourceTree = "<group>";
		};
		42C00F0A23D1F20F00B0ECCF /* DataManagers */ = {
			isa = PBXGroup;
			children = (
				42C00F0B23D1F21D00B0ECCF /* LocalDataManager.swift */,
				42C00F0D23D1F22800B0ECCF /* RemoteDataManager.swift */,
			);
			path = DataManagers;
			sourceTree = "<group>";
		};
		568D1AFC7336FB110266224B /* Frameworks */ = {
			isa = PBXGroup;
			children = (
				DC4E0DA4902CFB35C55FC2D2 /* Pods_FlatStackTask.framework */,
			);
			name = Frameworks;
			sourceTree = "<group>";
		};
		E60DB6FE6FE2C2CF6A71392A /* Pods */ = {
			isa = PBXGroup;
			children = (
				6490BE84616F7045C25E09A4 /* Pods-FlatStackTask.debug.xcconfig */,
				16CEF189C002BB9F1E51F61E /* Pods-FlatStackTask.release.xcconfig */,
			);
			path = Pods;
			sourceTree = "<group>";
		};
/* End PBXGroup section */

/* Begin PBXNativeTarget section */
		4299102A23D1BFC3005368F9 /* FlatStackTask */ = {
			isa = PBXNativeTarget;
			buildConfigurationList = 4299104223D1BFC5005368F9 /* Build configuration list for PBXNativeTarget "FlatStackTask" */;
			buildPhases = (
				25641A530343A873CC0209C7 /* [CP] Check Pods Manifest.lock */,
				4299102723D1BFC3005368F9 /* Sources */,
				4299102823D1BFC3005368F9 /* Frameworks */,
				4299102923D1BFC3005368F9 /* Resources */,
				E61895019EF6ACA0338BCD80 /* [CP] Embed Pods Frameworks */,
			);
			buildRules = (
			);
			dependencies = (
			);
			name = FlatStackTask;
			productName = FlatStackTask;
			productReference = 4299102B23D1BFC3005368F9 /* FlatStackTask.app */;
			productType = "com.apple.product-type.application";
		};
/* End PBXNativeTarget section */

/* Begin PBXProject section */
		4299102323D1BFC3005368F9 /* Project object */ = {
			isa = PBXProject;
			attributes = {
				LastSwiftUpdateCheck = 1130;
				LastUpgradeCheck = 1130;
				ORGANIZATIONNAME = "Никита";
				TargetAttributes = {
					4299102A23D1BFC3005368F9 = {
						CreatedOnToolsVersion = 11.3;
					};
				};
			};
			buildConfigurationList = 4299102623D1BFC3005368F9 /* Build configuration list for PBXProject "FlatStackTask" */;
			compatibilityVersion = "Xcode 9.3";
			developmentRegion = en;
			hasScannedForEncodings = 0;
			knownRegions = (
				en,
				Base,
			);
			mainGroup = 4299102223D1BFC3005368F9;
			productRefGroup = 4299102C23D1BFC3005368F9 /* Products */;
			projectDirPath = "";
			projectRoot = "";
			targets = (
				4299102A23D1BFC3005368F9 /* FlatStackTask */,
			);
		};
/* End PBXProject section */

/* Begin PBXResourcesBuildPhase section */
		4299102923D1BFC3005368F9 /* Resources */ = {
			isa = PBXResourcesBuildPhase;
			buildActionMask = 2147483647;
			files = (
				42B2113F23D486AA0041A163 /* ImageSliderCell.xib in Resources */,
				42C00F0523D1EC0300B0ECCF /* CountryCell.xib in Resources */,
				4299103E23D1BFC5005368F9 /* LaunchScreen.storyboard in Resources */,
				4299103B23D1BFC5005368F9 /* Assets.xcassets in Resources */,
				42440DD523D219F0007686F8 /* LoadingCell.xib in Resources */,
				4299103623D1BFC3005368F9 /* Main.storyboard in Resources */,
				42B2114F23D5B5DF0041A163 /* ShortInfoCell.xib in Resources */,
				42B2114823D516E80041A163 /* AboutInfoCell.xib in Resources */,
			);
			runOnlyForDeploymentPostprocessing = 0;
		};
/* End PBXResourcesBuildPhase section */

/* Begin PBXShellScriptBuildPhase section */
		25641A530343A873CC0209C7 /* [CP] Check Pods Manifest.lock */ = {
			isa = PBXShellScriptBuildPhase;
			buildActionMask = 2147483647;
			files = (
			);
			inputFileListPaths = (
			);
			inputPaths = (
				"${PODS_PODFILE_DIR_PATH}/Podfile.lock",
				"${PODS_ROOT}/Manifest.lock",
			);
			name = "[CP] Check Pods Manifest.lock";
			outputFileListPaths = (
			);
			outputPaths = (
				"$(DERIVED_FILE_DIR)/Pods-FlatStackTask-checkManifestLockResult.txt",
			);
			runOnlyForDeploymentPostprocessing = 0;
			shellPath = /bin/sh;
			shellScript = "diff \"${PODS_PODFILE_DIR_PATH}/Podfile.lock\" \"${PODS_ROOT}/Manifest.lock\" > /dev/null\nif [ $? != 0 ] ; then\n    # print error to STDERR\n    echo \"error: The sandbox is not in sync with the Podfile.lock. Run 'pod install' or update your CocoaPods installation.\" >&2\n    exit 1\nfi\n# This output is used by Xcode 'outputs' to avoid re-running this script phase.\necho \"SUCCESS\" > \"${SCRIPT_OUTPUT_FILE_0}\"\n";
			showEnvVarsInLog = 0;
		};
		E61895019EF6ACA0338BCD80 /* [CP] Embed Pods Frameworks */ = {
			isa = PBXShellScriptBuildPhase;
			buildActionMask = 2147483647;
			files = (
			);
			inputFileListPaths = (
				"${PODS_ROOT}/Target Support Files/Pods-FlatStackTask/Pods-FlatStackTask-frameworks-${CONFIGURATION}-input-files.xcfilelist",
			);
			name = "[CP] Embed Pods Frameworks";
			outputFileListPaths = (
				"${PODS_ROOT}/Target Support Files/Pods-FlatStackTask/Pods-FlatStackTask-frameworks-${CONFIGURATION}-output-files.xcfilelist",
			);
			runOnlyForDeploymentPostprocessing = 0;
			shellPath = /bin/sh;
			shellScript = "\"${PODS_ROOT}/Target Support Files/Pods-FlatStackTask/Pods-FlatStackTask-frameworks.sh\"\n";
			showEnvVarsInLog = 0;
		};
/* End PBXShellScriptBuildPhase section */

/* Begin PBXSourcesBuildPhase section */
		4299102723D1BFC3005368F9 /* Sources */ = {
			isa = PBXSourcesBuildPhase;
			buildActionMask = 2147483647;
			files = (
				429EFC1B23D2215B006C0D6E /* AlertService.swift in Sources */,
				4299103323D1BFC3005368F9 /* CountryListVC.swift in Sources */,
				42C00F0C23D1F21D00B0ECCF /* LocalDataManager.swift in Sources */,
				4299102F23D1BFC3005368F9 /* AppDelegate.swift in Sources */,
				42C00F0923D1F1B400B0ECCF /* NetworkResponse.swift in Sources */,
				42440DD423D219F0007686F8 /* LoadingCell.swift in Sources */,
				42C00F0423D1EC0300B0ECCF /* CountryCell.swift in Sources */,
				42B2114523D50A6C0041A163 /* NavBarExtension.swift in Sources */,
				42B2115123D5BE190041A163 /* Helper.swift in Sources */,
				4299103923D1BFC3005368F9 /* FlatStackTask.xcdatamodeld in Sources */,
				42B2113E23D486AA0041A163 /* ImageSliderCell.swift in Sources */,
				42B2114E23D5B5DF0041A163 /* ShortInfoCell.swift in Sources */,
				425FB23523D26D7D00D66BD3 /* DetailedInfoViewController.swift in Sources */,
				42C00F0E23D1F22800B0ECCF /* RemoteDataManager.swift in Sources */,
				42C00F0723D1EFFF00B0ECCF /* Country.swift in Sources */,
				42B2114923D516E80041A163 /* AboutInfoCell.swift in Sources */,
				4299103123D1BFC3005368F9 /* SceneDelegate.swift in Sources */,
			);
			runOnlyForDeploymentPostprocessing = 0;
		};
/* End PBXSourcesBuildPhase section */

/* Begin PBXVariantGroup section */
		4299103423D1BFC3005368F9 /* Main.storyboard */ = {
			isa = PBXVariantGroup;
			children = (
				4299103523D1BFC3005368F9 /* Base */,
			);
			name = Main.storyboard;
			sourceTree = "<group>";
		};
		4299103C23D1BFC5005368F9 /* LaunchScreen.storyboard */ = {
			isa = PBXVariantGroup;
			children = (
				4299103D23D1BFC5005368F9 /* Base */,
			);
			name = LaunchScreen.storyboard;
			sourceTree = "<group>";
		};
/* End PBXVariantGroup section */

/* Begin XCBuildConfiguration section */
		4299104023D1BFC5005368F9 /* Debug */ = {
			isa = XCBuildConfiguration;
			buildSettings = {
				ALWAYS_SEARCH_USER_PATHS = NO;
				CLANG_ANALYZER_NONNULL = YES;
				CLANG_ANALYZER_NUMBER_OBJECT_CONVERSION = YES_AGGRESSIVE;
				CLANG_CXX_LANGUAGE_STANDARD = "gnu++14";
				CLANG_CXX_LIBRARY = "libc++";
				CLANG_ENABLE_MODULES = YES;
				CLANG_ENABLE_OBJC_ARC = YES;
				CLANG_ENABLE_OBJC_WEAK = YES;
				CLANG_WARN_BLOCK_CAPTURE_AUTORELEASING = YES;
				CLANG_WARN_BOOL_CONVERSION = YES;
				CLANG_WARN_COMMA = YES;
				CLANG_WARN_CONSTANT_CONVERSION = YES;
				CLANG_WARN_DEPRECATED_OBJC_IMPLEMENTATIONS = YES;
				CLANG_WARN_DIRECT_OBJC_ISA_USAGE = YES_ERROR;
				CLANG_WARN_DOCUMENTATION_COMMENTS = YES;
				CLANG_WARN_EMPTY_BODY = YES;
				CLANG_WARN_ENUM_CONVERSION = YES;
				CLANG_WARN_INFINITE_RECURSION = YES;
				CLANG_WARN_INT_CONVERSION = YES;
				CLANG_WARN_NON_LITERAL_NULL_CONVERSION = YES;
				CLANG_WARN_OBJC_IMPLICIT_RETAIN_SELF = YES;
				CLANG_WARN_OBJC_LITERAL_CONVERSION = YES;
				CLANG_WARN_OBJC_ROOT_CLASS = YES_ERROR;
				CLANG_WARN_RANGE_LOOP_ANALYSIS = YES;
				CLANG_WARN_STRICT_PROTOTYPES = YES;
				CLANG_WARN_SUSPICIOUS_MOVE = YES;
				CLANG_WARN_UNGUARDED_AVAILABILITY = YES_AGGRESSIVE;
				CLANG_WARN_UNREACHABLE_CODE = YES;
				CLANG_WARN__DUPLICATE_METHOD_MATCH = YES;
				COPY_PHASE_STRIP = NO;
				DEBUG_INFORMATION_FORMAT = dwarf;
				ENABLE_STRICT_OBJC_MSGSEND = YES;
				ENABLE_TESTABILITY = YES;
				GCC_C_LANGUAGE_STANDARD = gnu11;
				GCC_DYNAMIC_NO_PIC = NO;
				GCC_NO_COMMON_BLOCKS = YES;
				GCC_OPTIMIZATION_LEVEL = 0;
				GCC_PREPROCESSOR_DEFINITIONS = (
					"DEBUG=1",
					"$(inherited)",
				);
				GCC_WARN_64_TO_32_BIT_CONVERSION = YES;
				GCC_WARN_ABOUT_RETURN_TYPE = YES_ERROR;
				GCC_WARN_UNDECLARED_SELECTOR = YES;
				GCC_WARN_UNINITIALIZED_AUTOS = YES_AGGRESSIVE;
				GCC_WARN_UNUSED_FUNCTION = YES;
				GCC_WARN_UNUSED_VARIABLE = YES;
				IPHONEOS_DEPLOYMENT_TARGET = 13.2;
				MTL_ENABLE_DEBUG_INFO = INCLUDE_SOURCE;
				MTL_FAST_MATH = YES;
				ONLY_ACTIVE_ARCH = YES;
				SDKROOT = iphoneos;
				SWIFT_ACTIVE_COMPILATION_CONDITIONS = DEBUG;
				SWIFT_OPTIMIZATION_LEVEL = "-Onone";
			};
			name = Debug;
		};
		4299104123D1BFC5005368F9 /* Release */ = {
			isa = XCBuildConfiguration;
			buildSettings = {
				ALWAYS_SEARCH_USER_PATHS = NO;
				CLANG_ANALYZER_NONNULL = YES;
				CLANG_ANALYZER_NUMBER_OBJECT_CONVERSION = YES_AGGRESSIVE;
				CLANG_CXX_LANGUAGE_STANDARD = "gnu++14";
				CLANG_CXX_LIBRARY = "libc++";
				CLANG_ENABLE_MODULES = YES;
				CLANG_ENABLE_OBJC_ARC = YES;
				CLANG_ENABLE_OBJC_WEAK = YES;
				CLANG_WARN_BLOCK_CAPTURE_AUTORELEASING = YES;
				CLANG_WARN_BOOL_CONVERSION = YES;
				CLANG_WARN_COMMA = YES;
				CLANG_WARN_CONSTANT_CONVERSION = YES;
				CLANG_WARN_DEPRECATED_OBJC_IMPLEMENTATIONS = YES;
				CLANG_WARN_DIRECT_OBJC_ISA_USAGE = YES_ERROR;
				CLANG_WARN_DOCUMENTATION_COMMENTS = YES;
				CLANG_WARN_EMPTY_BODY = YES;
				CLANG_WARN_ENUM_CONVERSION = YES;
				CLANG_WARN_INFINITE_RECURSION = YES;
				CLANG_WARN_INT_CONVERSION = YES;
				CLANG_WARN_NON_LITERAL_NULL_CONVERSION = YES;
				CLANG_WARN_OBJC_IMPLICIT_RETAIN_SELF = YES;
				CLANG_WARN_OBJC_LITERAL_CONVERSION = YES;
				CLANG_WARN_OBJC_ROOT_CLASS = YES_ERROR;
				CLANG_WARN_RANGE_LOOP_ANALYSIS = YES;
				CLANG_WARN_STRICT_PROTOTYPES = YES;
				CLANG_WARN_SUSPICIOUS_MOVE = YES;
				CLANG_WARN_UNGUARDED_AVAILABILITY = YES_AGGRESSIVE;
				CLANG_WARN_UNREACHABLE_CODE = YES;
				CLANG_WARN__DUPLICATE_METHOD_MATCH = YES;
				COPY_PHASE_STRIP = NO;
				DEBUG_INFORMATION_FORMAT = "dwarf-with-dsym";
				ENABLE_NS_ASSERTIONS = NO;
				ENABLE_STRICT_OBJC_MSGSEND = YES;
				GCC_C_LANGUAGE_STANDARD = gnu11;
				GCC_NO_COMMON_BLOCKS = YES;
				GCC_WARN_64_TO_32_BIT_CONVERSION = YES;
				GCC_WARN_ABOUT_RETURN_TYPE = YES_ERROR;
				GCC_WARN_UNDECLARED_SELECTOR = YES;
				GCC_WARN_UNINITIALIZED_AUTOS = YES_AGGRESSIVE;
				GCC_WARN_UNUSED_FUNCTION = YES;
				GCC_WARN_UNUSED_VARIABLE = YES;
				IPHONEOS_DEPLOYMENT_TARGET = 13.2;
				MTL_ENABLE_DEBUG_INFO = NO;
				MTL_FAST_MATH = YES;
				SDKROOT = iphoneos;
				SWIFT_COMPILATION_MODE = wholemodule;
				SWIFT_OPTIMIZATION_LEVEL = "-O";
				VALIDATE_PRODUCT = YES;
			};
			name = Release;
		};
		4299104323D1BFC5005368F9 /* Debug */ = {
			isa = XCBuildConfiguration;
			baseConfigurationReference = 6490BE84616F7045C25E09A4 /* Pods-FlatStackTask.debug.xcconfig */;
			buildSettings = {
				ASSETCATALOG_COMPILER_APPICON_NAME = AppIcon;
				CODE_SIGN_STYLE = Automatic;
				DEVELOPMENT_TEAM = Y7B4QBPY6V;
				INFOPLIST_FILE = FlatStackTask/Info.plist;
				LD_RUNPATH_SEARCH_PATHS = (
					"$(inherited)",
					"@executable_path/Frameworks",
				);
				PRODUCT_BUNDLE_IDENTIFIER = dest.FlatStackTask;
				PRODUCT_NAME = "$(TARGET_NAME)";
				SWIFT_VERSION = 5.0;
				TARGETED_DEVICE_FAMILY = "1,2";
			};
			name = Debug;
		};
		4299104423D1BFC5005368F9 /* Release */ = {
			isa = XCBuildConfiguration;
			baseConfigurationReference = 16CEF189C002BB9F1E51F61E /* Pods-FlatStackTask.release.xcconfig */;
			buildSettings = {
				ASSETCATALOG_COMPILER_APPICON_NAME = AppIcon;
				CODE_SIGN_STYLE = Automatic;
				DEVELOPMENT_TEAM = Y7B4QBPY6V;
				INFOPLIST_FILE = FlatStackTask/Info.plist;
				LD_RUNPATH_SEARCH_PATHS = (
					"$(inherited)",
					"@executable_path/Frameworks",
				);
				PRODUCT_BUNDLE_IDENTIFIER = dest.FlatStackTask;
				PRODUCT_NAME = "$(TARGET_NAME)";
				SWIFT_VERSION = 5.0;
				TARGETED_DEVICE_FAMILY = "1,2";
			};
			name = Release;
		};
/* End XCBuildConfiguration section */

/* Begin XCConfigurationList section */
		4299102623D1BFC3005368F9 /* Build configuration list for PBXProject "FlatStackTask" */ = {
			isa = XCConfigurationList;
			buildConfigurations = (
				4299104023D1BFC5005368F9 /* Debug */,
				4299104123D1BFC5005368F9 /* Release */,
			);
			defaultConfigurationIsVisible = 0;
			defaultConfigurationName = Release;
		};
		4299104223D1BFC5005368F9 /* Build configuration list for PBXNativeTarget "FlatStackTask" */ = {
			isa = XCConfigurationList;
			buildConfigurations = (
				4299104323D1BFC5005368F9 /* Debug */,
				4299104423D1BFC5005368F9 /* Release */,
			);
			defaultConfigurationIsVisible = 0;
			defaultConfigurationName = Release;
		};
/* End XCConfigurationList section */

/* Begin XCVersionGroup section */
		4299103723D1BFC3005368F9 /* FlatStackTask.xcdatamodeld */ = {
			isa = XCVersionGroup;
			children = (
				4299103823D1BFC3005368F9 /* FlatStackTask.xcdatamodel */,
			);
			currentVersion = 4299103823D1BFC3005368F9 /* FlatStackTask.xcdatamodel */;
			path = FlatStackTask.xcdatamodeld;
			sourceTree = "<group>";
			versionGroupType = wrapper.xcdatamodel;
		};
/* End XCVersionGroup section */
	};
	rootObject = 4299102323D1BFC3005368F9 /* Project object */;
}
